
Microsoft Visual Studio Solution File, Format Version 12.00
# Visual Studio 2012
Project("{2150E333-8FDC-42A3-9474-1A3956D46DE8}") = "UnitTest", "UnitTest", "{0B0D62A5-4A64-4372-9B02-7BB591413E77}"
EndProject
Project("{2150E333-8FDC-42A3-9474-1A3956D46DE8}") = "IntegrationTest", "IntegrationTest", "{42D2209F-1071-44E8-9BDA-6E99A3C7EDC7}"
EndProject
Project("{2150E333-8FDC-42A3-9474-1A3956D46DE8}") = "AutomatedTest", "AutomatedTest", "{A1BD45A1-5FD6-4726-8DBD-24FAE45A9299}"
EndProject
Project("{FAE04EC0-301F-11D3-BF4B-00C04F79EFBC}") = "CG4U.Donate.Domain.UnitTest", "CG4U.Donate.Domain.UnitTest\CG4U.Donate.Domain.UnitTest.csproj", "{F3CC5FA1-A7BC-4A68-81F8-715F1DC34C4C}"
EndProject
Project("{2150E333-8FDC-42A3-9474-1A3956D46DE8}") = "src", "src", "{C38B5FFF-EFBE-499C-8BEC-242549F68DA4}"
EndProject
Project("{2150E333-8FDC-42A3-9474-1A3956D46DE8}") = "Domain", "Domain", "{F8BD6741-2773-4C9E-9059-5554DC8C9634}"
EndProject
Project("{2150E333-8FDC-42A3-9474-1A3956D46DE8}") = "Infra", "Infra", "{25CF36CA-97E7-4887-9D11-BB6BD7EC235E}"
EndProject
Project("{2150E333-8FDC-42A3-9474-1A3956D46DE8}") = "Service", "Service", "{51D6687E-95DA-4B9E-8D10-D9CFE797ECA1}"
EndProject
Project("{FAE04EC0-301F-11D3-BF4B-00C04F79EFBC}") = "CG4U.Donate.WebAPI.IntegrationTest", "CG4U.Donate.WebAPI.IntegrationTest\CG4U.Donate.WebAPI.IntegrationTest.csproj", "{4E51F514-10BB-4F83-8EC7-1E6D8D1792EE}"
EndProject
Project("{FAE04EC0-301F-11D3-BF4B-00C04F79EFBC}") = "CG4U.Donate.WebAPI", "..\src\CG4U.Donate.WebAPI\CG4U.Donate.WebAPI.csproj", "{C610AE6E-D146-4429-9666-B1AE5C0BD9BF}"
EndProject
Project("{FAE04EC0-301F-11D3-BF4B-00C04F79EFBC}") = "CG4U.Donate.Infra.CrossCutting.Ioc", "..\src\CG4U.Donate.Infra.CrossCutting.Ioc\CG4U.Donate.Infra.CrossCutting.Ioc.csproj", "{8D51E3C0-4EA8-4A30-B5F3-1FB039E66E1C}"
EndProject
Project("{FAE04EC0-301F-11D3-BF4B-00C04F79EFBC}") = "CG4U.Donate.Domain", "..\src\CG4U.Donate.Domain\CG4U.Donate.Domain.csproj", "{EA4C34FD-C0C7-4C8B-8660-073A18650087}"
EndProject
Project("{FAE04EC0-301F-11D3-BF4B-00C04F79EFBC}") = "CG4U.Donate.Infra.Data", "..\src\CG4U.Donate.Infra.Data\CG4U.Donate.Infra.Data.csproj", "{EAB2ED5E-DC65-44E8-923E-1B6085E54394}"
EndProject
Project("{FAE04EC0-301F-11D3-BF4B-00C04F79EFBC}") = "CG4U.Auth.WebAPI", "..\..\..\auth\server\src\CG4U.Auth.WebAPI\CG4U.Auth.WebAPI.csproj", "{F82C3138-6A7C-4CD9-92BF-1327B27DDD6F}"
EndProject
Project("{FAE04EC0-301F-11D3-BF4B-00C04F79EFBC}") = "CG4U.Core.Common.Domain", "..\..\..\core\server\src\CG4U.Core.Common.Domain\CG4U.Core.Common.Domain.csproj", "{77B0FDF2-EC28-4F56-AD21-8A0CE4810D91}"
EndProject
Project("{FAE04EC0-301F-11D3-BF4B-00C04F79EFBC}") = "CG4U.Core.Services", "..\..\..\core\server\src\CG4U.Core.Services\CG4U.Core.Services.csproj", "{55D8713C-160D-4A31-8D7E-D450C40D88E5}"
EndProject
Project("{FAE04EC0-301F-11D3-BF4B-00C04F79EFBC}") = "CG4U.Auth.Infra.CrossCutting.Ioc", "..\..\..\auth\server\src\CG4U.Auth.Infra.CrossCutting.Ioc\CG4U.Auth.Infra.CrossCutting.Ioc.csproj", "{AD55D3FE-3D43-4758-945C-99E25AD3FA69}"
EndProject
Global
	GlobalSection(SolutionConfigurationPlatforms) = preSolution
		Debug|Any CPU = Debug|Any CPU
		Release|Any CPU = Release|Any CPU
	EndGlobalSection
	GlobalSection(ProjectConfigurationPlatforms) = postSolution
		{F3CC5FA1-A7BC-4A68-81F8-715F1DC34C4C}.Debug|Any CPU.ActiveCfg = Debug|Any CPU
		{F3CC5FA1-A7BC-4A68-81F8-715F1DC34C4C}.Debug|Any CPU.Build.0 = Debug|Any CPU
		{F3CC5FA1-A7BC-4A68-81F8-715F1DC34C4C}.Release|Any CPU.ActiveCfg = Release|Any CPU
		{F3CC5FA1-A7BC-4A68-81F8-715F1DC34C4C}.Release|Any CPU.Build.0 = Release|Any CPU
		{4E51F514-10BB-4F83-8EC7-1E6D8D1792EE}.Debug|Any CPU.ActiveCfg = Debug|Any CPU
		{4E51F514-10BB-4F83-8EC7-1E6D8D1792EE}.Debug|Any CPU.Build.0 = Debug|Any CPU
		{4E51F514-10BB-4F83-8EC7-1E6D8D1792EE}.Release|Any CPU.ActiveCfg = Release|Any CPU
		{4E51F514-10BB-4F83-8EC7-1E6D8D1792EE}.Release|Any CPU.Build.0 = Release|Any CPU
		{C610AE6E-D146-4429-9666-B1AE5C0BD9BF}.Debug|Any CPU.ActiveCfg = Debug|Any CPU
		{C610AE6E-D146-4429-9666-B1AE5C0BD9BF}.Debug|Any CPU.Build.0 = Debug|Any CPU
		{C610AE6E-D146-4429-9666-B1AE5C0BD9BF}.Release|Any CPU.ActiveCfg = Release|Any CPU
		{C610AE6E-D146-4429-9666-B1AE5C0BD9BF}.Release|Any CPU.Build.0 = Release|Any CPU
		{8D51E3C0-4EA8-4A30-B5F3-1FB039E66E1C}.Debug|Any CPU.ActiveCfg = Debug|Any CPU
		{8D51E3C0-4EA8-4A30-B5F3-1FB039E66E1C}.Debug|Any CPU.Build.0 = Debug|Any CPU
		{8D51E3C0-4EA8-4A30-B5F3-1FB039E66E1C}.Release|Any CPU.ActiveCfg = Release|Any CPU
		{8D51E3C0-4EA8-4A30-B5F3-1FB039E66E1C}.Release|Any CPU.Build.0 = Release|Any CPU
		{EA4C34FD-C0C7-4C8B-8660-073A18650087}.Debug|Any CPU.ActiveCfg = Debug|Any CPU
		{EA4C34FD-C0C7-4C8B-8660-073A18650087}.Debug|Any CPU.Build.0 = Debug|Any CPU
		{EA4C34FD-C0C7-4C8B-8660-073A18650087}.Release|Any CPU.ActiveCfg = Release|Any CPU
		{EA4C34FD-C0C7-4C8B-8660-073A18650087}.Release|Any CPU.Build.0 = Release|Any CPU
		{EAB2ED5E-DC65-44E8-923E-1B6085E54394}.Debug|Any CPU.ActiveCfg = Debug|Any CPU
		{EAB2ED5E-DC65-44E8-923E-1B6085E54394}.Debug|Any CPU.Build.0 = Debug|Any CPU
		{EAB2ED5E-DC65-44E8-923E-1B6085E54394}.Release|Any CPU.ActiveCfg = Release|Any CPU
		{EAB2ED5E-DC65-44E8-923E-1B6085E54394}.Release|Any CPU.Build.0 = Release|Any CPU
		{F82C3138-6A7C-4CD9-92BF-1327B27DDD6F}.Debug|Any CPU.ActiveCfg = Debug|Any CPU
		{F82C3138-6A7C-4CD9-92BF-1327B27DDD6F}.Debug|Any CPU.Build.0 = Debug|Any CPU
		{F82C3138-6A7C-4CD9-92BF-1327B27DDD6F}.Release|Any CPU.ActiveCfg = Release|Any CPU
		{F82C3138-6A7C-4CD9-92BF-1327B27DDD6F}.Release|Any CPU.Build.0 = Release|Any CPU
		{77B0FDF2-EC28-4F56-AD21-8A0CE4810D91}.Debug|Any CPU.ActiveCfg = Debug|Any CPU
		{77B0FDF2-EC28-4F56-AD21-8A0CE4810D91}.Debug|Any CPU.Build.0 = Debug|Any CPU
		{77B0FDF2-EC28-4F56-AD21-8A0CE4810D91}.Release|Any CPU.ActiveCfg = Release|Any CPU
		{77B0FDF2-EC28-4F56-AD21-8A0CE4810D91}.Release|Any CPU.Build.0 = Release|Any CPU
		{55D8713C-160D-4A31-8D7E-D450C40D88E5}.Debug|Any CPU.ActiveCfg = Debug|Any CPU
		{55D8713C-160D-4A31-8D7E-D450C40D88E5}.Debug|Any CPU.Build.0 = Debug|Any CPU
		{55D8713C-160D-4A31-8D7E-D450C40D88E5}.Release|Any CPU.ActiveCfg = Release|Any CPU
		{55D8713C-160D-4A31-8D7E-D450C40D88E5}.Release|Any CPU.Build.0 = Release|Any CPU
		{AD55D3FE-3D43-4758-945C-99E25AD3FA69}.Debug|Any CPU.ActiveCfg = Debug|Any CPU
		{AD55D3FE-3D43-4758-945C-99E25AD3FA69}.Debug|Any CPU.Build.0 = Debug|Any CPU
		{AD55D3FE-3D43-4758-945C-99E25AD3FA69}.Release|Any CPU.ActiveCfg = Release|Any CPU
		{AD55D3FE-3D43-4758-945C-99E25AD3FA69}.Release|Any CPU.Build.0 = Release|Any CPU
	EndGlobalSection
	GlobalSection(NestedProjects) = preSolution
		{F3CC5FA1-A7BC-4A68-81F8-715F1DC34C4C} = {0B0D62A5-4A64-4372-9B02-7BB591413E77}
		{F8BD6741-2773-4C9E-9059-5554DC8C9634} = {C38B5FFF-EFBE-499C-8BEC-242549F68DA4}
		{25CF36CA-97E7-4887-9D11-BB6BD7EC235E} = {C38B5FFF-EFBE-499C-8BEC-242549F68DA4}
		{51D6687E-95DA-4B9E-8D10-D9CFE797ECA1} = {C38B5FFF-EFBE-499C-8BEC-242549F68DA4}
		{4E51F514-10BB-4F83-8EC7-1E6D8D1792EE} = {42D2209F-1071-44E8-9BDA-6E99A3C7EDC7}
		{C610AE6E-D146-4429-9666-B1AE5C0BD9BF} = {51D6687E-95DA-4B9E-8D10-D9CFE797ECA1}
		{8D51E3C0-4EA8-4A30-B5F3-1FB039E66E1C} = {25CF36CA-97E7-4887-9D11-BB6BD7EC235E}
		{EA4C34FD-C0C7-4C8B-8660-073A18650087} = {F8BD6741-2773-4C9E-9059-5554DC8C9634}
		{EAB2ED5E-DC65-44E8-923E-1B6085E54394} = {25CF36CA-97E7-4887-9D11-BB6BD7EC235E}
		{F82C3138-6A7C-4CD9-92BF-1327B27DDD6F} = {51D6687E-95DA-4B9E-8D10-D9CFE797ECA1}
		{77B0FDF2-EC28-4F56-AD21-8A0CE4810D91} = {F8BD6741-2773-4C9E-9059-5554DC8C9634}
		{55D8713C-160D-4A31-8D7E-D450C40D88E5} = {51D6687E-95DA-4B9E-8D10-D9CFE797ECA1}
		{AD55D3FE-3D43-4758-945C-99E25AD3FA69} = {25CF36CA-97E7-4887-9D11-BB6BD7EC235E}
	EndGlobalSection
EndGlobal
