
Microsoft Visual Studio Solution File, Format Version 12.00
# Visual Studio 2012
Project("{FAE04EC0-301F-11D3-BF4B-00C04F79EFBC}") = "CG4U.Core.Domain", "src\CG4U.Core.Domain\CG4U.Core.Domain.csproj", "{AE10BE15-316F-4C86-B001-342FA68309C5}"
EndProject
Project("{FAE04EC0-301F-11D3-BF4B-00C04F79EFBC}") = "CG4U.Core.WebAPI", "src\CG4U.Core.WebAPI\CG4U.Core.WebAPI.csproj", "{2B18E709-14C1-4272-A3C0-872A9479AB14}"
EndProject
Project("{FAE04EC0-301F-11D3-BF4B-00C04F79EFBC}") = "CG4U.Core.Services", "src\CG4U.Core.Services\CG4U.Core.Services.csproj", "{DBE57110-EFB6-4C41-99FE-DF0F2E353A59}"
EndProject
Project("{2150E333-8FDC-42A3-9474-1A3956D46DE8}") = "Domain", "Domain", "{75B5AE97-908C-45E9-AB2F-62A3D460C151}"
EndProject
Project("{2150E333-8FDC-42A3-9474-1A3956D46DE8}") = "Infra", "Infra", "{D20F0D67-A170-4F86-B4DB-6580328937FE}"
EndProject
Project("{2150E333-8FDC-42A3-9474-1A3956D46DE8}") = "Service", "Service", "{51555340-4B98-4AC1-82D1-0A4176E8D3BF}"
EndProject
Project("{FAE04EC0-301F-11D3-BF4B-00C04F79EFBC}") = "CG4U.Core.Infra.Data", "src\CG4U.Core.Infra.Data\CG4U.Core.Infra.Data.csproj", "{2B71B0B2-B0E6-4359-B70E-801DB8527A8E}"
EndProject
Project("{FAE04EC0-301F-11D3-BF4B-00C04F79EFBC}") = "CG4U.Core.Common.Domain", "src\CG4U.Core.Common.Domain\CG4U.Core.Common.Domain.csproj", "{E968D71E-DB4C-47AB-817E-69243AF7F5D0}"
EndProject
Project("{FAE04EC0-301F-11D3-BF4B-00C04F79EFBC}") = "CG4U.Core.Infra.CrossCutting.Ioc", "src\CG4U.Core.Infra.CrossCutting.Ioc\CG4U.Core.Infra.CrossCutting.Ioc.csproj", "{C96BFDA6-CBF7-4EB9-88CD-7C095C451479}"
EndProject
Global
	GlobalSection(SolutionConfigurationPlatforms) = preSolution
		Debug|Any CPU = Debug|Any CPU
		Release|Any CPU = Release|Any CPU
	EndGlobalSection
	GlobalSection(ProjectConfigurationPlatforms) = postSolution
		{AE10BE15-316F-4C86-B001-342FA68309C5}.Debug|Any CPU.ActiveCfg = Debug|Any CPU
		{AE10BE15-316F-4C86-B001-342FA68309C5}.Debug|Any CPU.Build.0 = Debug|Any CPU
		{AE10BE15-316F-4C86-B001-342FA68309C5}.Release|Any CPU.ActiveCfg = Release|Any CPU
		{AE10BE15-316F-4C86-B001-342FA68309C5}.Release|Any CPU.Build.0 = Release|Any CPU
		{2B18E709-14C1-4272-A3C0-872A9479AB14}.Debug|Any CPU.ActiveCfg = Debug|Any CPU
		{2B18E709-14C1-4272-A3C0-872A9479AB14}.Debug|Any CPU.Build.0 = Debug|Any CPU
		{2B18E709-14C1-4272-A3C0-872A9479AB14}.Release|Any CPU.ActiveCfg = Release|Any CPU
		{2B18E709-14C1-4272-A3C0-872A9479AB14}.Release|Any CPU.Build.0 = Release|Any CPU
		{DBE57110-EFB6-4C41-99FE-DF0F2E353A59}.Debug|Any CPU.ActiveCfg = Debug|Any CPU
		{DBE57110-EFB6-4C41-99FE-DF0F2E353A59}.Debug|Any CPU.Build.0 = Debug|Any CPU
		{DBE57110-EFB6-4C41-99FE-DF0F2E353A59}.Release|Any CPU.ActiveCfg = Release|Any CPU
		{DBE57110-EFB6-4C41-99FE-DF0F2E353A59}.Release|Any CPU.Build.0 = Release|Any CPU
		{2B71B0B2-B0E6-4359-B70E-801DB8527A8E}.Debug|Any CPU.ActiveCfg = Debug|Any CPU
		{2B71B0B2-B0E6-4359-B70E-801DB8527A8E}.Debug|Any CPU.Build.0 = Debug|Any CPU
		{2B71B0B2-B0E6-4359-B70E-801DB8527A8E}.Release|Any CPU.ActiveCfg = Release|Any CPU
		{2B71B0B2-B0E6-4359-B70E-801DB8527A8E}.Release|Any CPU.Build.0 = Release|Any CPU
		{E968D71E-DB4C-47AB-817E-69243AF7F5D0}.Debug|Any CPU.ActiveCfg = Debug|Any CPU
		{E968D71E-DB4C-47AB-817E-69243AF7F5D0}.Debug|Any CPU.Build.0 = Debug|Any CPU
		{E968D71E-DB4C-47AB-817E-69243AF7F5D0}.Release|Any CPU.ActiveCfg = Release|Any CPU
		{E968D71E-DB4C-47AB-817E-69243AF7F5D0}.Release|Any CPU.Build.0 = Release|Any CPU
		{C96BFDA6-CBF7-4EB9-88CD-7C095C451479}.Debug|Any CPU.ActiveCfg = Debug|Any CPU
		{C96BFDA6-CBF7-4EB9-88CD-7C095C451479}.Debug|Any CPU.Build.0 = Debug|Any CPU
		{C96BFDA6-CBF7-4EB9-88CD-7C095C451479}.Release|Any CPU.ActiveCfg = Release|Any CPU
		{C96BFDA6-CBF7-4EB9-88CD-7C095C451479}.Release|Any CPU.Build.0 = Release|Any CPU
	EndGlobalSection
	GlobalSection(NestedProjects) = preSolution
		{AE10BE15-316F-4C86-B001-342FA68309C5} = {75B5AE97-908C-45E9-AB2F-62A3D460C151}
		{DBE57110-EFB6-4C41-99FE-DF0F2E353A59} = {51555340-4B98-4AC1-82D1-0A4176E8D3BF}
		{2B18E709-14C1-4272-A3C0-872A9479AB14} = {51555340-4B98-4AC1-82D1-0A4176E8D3BF}
		{2B71B0B2-B0E6-4359-B70E-801DB8527A8E} = {D20F0D67-A170-4F86-B4DB-6580328937FE}
		{E968D71E-DB4C-47AB-817E-69243AF7F5D0} = {75B5AE97-908C-45E9-AB2F-62A3D460C151}
		{C96BFDA6-CBF7-4EB9-88CD-7C095C451479} = {D20F0D67-A170-4F86-B4DB-6580328937FE}
	EndGlobalSection
EndGlobal
