
Microsoft Visual Studio Solution File, Format Version 12.00
# Visual Studio 2012
Project("{FAE04EC0-301F-11D3-BF4B-00C04F79EFBC}") = "CG4U.Donate.Domain", "src\CG4U.Donate.Domain\CG4U.Donate.Domain.csproj", "{C4AC06EF-C2F7-4734-ABCF-F443D0281FFD}"
EndProject
Project("{FAE04EC0-301F-11D3-BF4B-00C04F79EFBC}") = "CG4U.Donate.Infra.Data", "src\CG4U.Donate.Infra.Data\CG4U.Donate.Infra.Data.csproj", "{2AB99335-605B-4765-92F1-DF8EF21C34E4}"
EndProject
Project("{2150E333-8FDC-42A3-9474-1A3956D46DE8}") = "Service", "Service", "{29C1AB4F-4DF9-436E-A4D1-B5262B03D835}"
EndProject
Project("{2150E333-8FDC-42A3-9474-1A3956D46DE8}") = "Domain", "Domain", "{7BD356EC-43C2-4EF7-80E7-9BAEE3415AF7}"
EndProject
Project("{2150E333-8FDC-42A3-9474-1A3956D46DE8}") = "Infra", "Infra", "{8D0A8026-3C6F-4877-9479-8FF863121FC4}"
EndProject
Project("{FAE04EC0-301F-11D3-BF4B-00C04F79EFBC}") = "CG4U.Donate.Infra.CrossCutting.Ioc", "src\CG4U.Donate.Infra.CrossCutting.Ioc\CG4U.Donate.Infra.CrossCutting.Ioc.csproj", "{B0341E58-6351-48A4-837D-F5BA52085C34}"
EndProject
Project("{FAE04EC0-301F-11D3-BF4B-00C04F79EFBC}") = "CG4U.Donate.WebAPI", "src\CG4U.Donate.WebAPI\CG4U.Donate.WebAPI.csproj", "{D1DF3932-FC42-4879-A7E6-E0DDCEC0DFF9}"
EndProject
Project("{FAE04EC0-301F-11D3-BF4B-00C04F79EFBC}") = "CG4U.Core.Services", "..\..\core\server\src\CG4U.Core.Services\CG4U.Core.Services.csproj", "{D645E375-DF6D-4909-B70B-5761765ACE17}"
EndProject
Project("{FAE04EC0-301F-11D3-BF4B-00C04F79EFBC}") = "CG4U.Core.Common.Domain", "..\..\core\server\src\CG4U.Core.Common.Domain\CG4U.Core.Common.Domain.csproj", "{AFB2C0F8-E6D2-46F8-87F2-8D1B560E7ED8}"
EndProject
Global
	GlobalSection(SolutionConfigurationPlatforms) = preSolution
		Debug|Any CPU = Debug|Any CPU
		Release|Any CPU = Release|Any CPU
	EndGlobalSection
	GlobalSection(ProjectConfigurationPlatforms) = postSolution
		{C4AC06EF-C2F7-4734-ABCF-F443D0281FFD}.Debug|Any CPU.ActiveCfg = Debug|Any CPU
		{C4AC06EF-C2F7-4734-ABCF-F443D0281FFD}.Debug|Any CPU.Build.0 = Debug|Any CPU
		{C4AC06EF-C2F7-4734-ABCF-F443D0281FFD}.Release|Any CPU.ActiveCfg = Release|Any CPU
		{C4AC06EF-C2F7-4734-ABCF-F443D0281FFD}.Release|Any CPU.Build.0 = Release|Any CPU
		{2AB99335-605B-4765-92F1-DF8EF21C34E4}.Debug|Any CPU.ActiveCfg = Debug|Any CPU
		{2AB99335-605B-4765-92F1-DF8EF21C34E4}.Debug|Any CPU.Build.0 = Debug|Any CPU
		{2AB99335-605B-4765-92F1-DF8EF21C34E4}.Release|Any CPU.ActiveCfg = Release|Any CPU
		{2AB99335-605B-4765-92F1-DF8EF21C34E4}.Release|Any CPU.Build.0 = Release|Any CPU
		{B0341E58-6351-48A4-837D-F5BA52085C34}.Debug|Any CPU.ActiveCfg = Debug|Any CPU
		{B0341E58-6351-48A4-837D-F5BA52085C34}.Debug|Any CPU.Build.0 = Debug|Any CPU
		{B0341E58-6351-48A4-837D-F5BA52085C34}.Release|Any CPU.ActiveCfg = Release|Any CPU
		{B0341E58-6351-48A4-837D-F5BA52085C34}.Release|Any CPU.Build.0 = Release|Any CPU
		{D1DF3932-FC42-4879-A7E6-E0DDCEC0DFF9}.Debug|Any CPU.ActiveCfg = Debug|Any CPU
		{D1DF3932-FC42-4879-A7E6-E0DDCEC0DFF9}.Debug|Any CPU.Build.0 = Debug|Any CPU
		{D1DF3932-FC42-4879-A7E6-E0DDCEC0DFF9}.Release|Any CPU.ActiveCfg = Release|Any CPU
		{D1DF3932-FC42-4879-A7E6-E0DDCEC0DFF9}.Release|Any CPU.Build.0 = Release|Any CPU
		{D645E375-DF6D-4909-B70B-5761765ACE17}.Debug|Any CPU.ActiveCfg = Debug|Any CPU
		{D645E375-DF6D-4909-B70B-5761765ACE17}.Debug|Any CPU.Build.0 = Debug|Any CPU
		{D645E375-DF6D-4909-B70B-5761765ACE17}.Release|Any CPU.ActiveCfg = Release|Any CPU
		{D645E375-DF6D-4909-B70B-5761765ACE17}.Release|Any CPU.Build.0 = Release|Any CPU
		{AFB2C0F8-E6D2-46F8-87F2-8D1B560E7ED8}.Debug|Any CPU.ActiveCfg = Debug|Any CPU
		{AFB2C0F8-E6D2-46F8-87F2-8D1B560E7ED8}.Debug|Any CPU.Build.0 = Debug|Any CPU
		{AFB2C0F8-E6D2-46F8-87F2-8D1B560E7ED8}.Release|Any CPU.ActiveCfg = Release|Any CPU
		{AFB2C0F8-E6D2-46F8-87F2-8D1B560E7ED8}.Release|Any CPU.Build.0 = Release|Any CPU
	EndGlobalSection
	GlobalSection(NestedProjects) = preSolution
		{C4AC06EF-C2F7-4734-ABCF-F443D0281FFD} = {7BD356EC-43C2-4EF7-80E7-9BAEE3415AF7}
		{2AB99335-605B-4765-92F1-DF8EF21C34E4} = {8D0A8026-3C6F-4877-9479-8FF863121FC4}
		{B0341E58-6351-48A4-837D-F5BA52085C34} = {8D0A8026-3C6F-4877-9479-8FF863121FC4}
		{D1DF3932-FC42-4879-A7E6-E0DDCEC0DFF9} = {29C1AB4F-4DF9-436E-A4D1-B5262B03D835}
		{D645E375-DF6D-4909-B70B-5761765ACE17} = {29C1AB4F-4DF9-436E-A4D1-B5262B03D835}
		{AFB2C0F8-E6D2-46F8-87F2-8D1B560E7ED8} = {7BD356EC-43C2-4EF7-80E7-9BAEE3415AF7}
	EndGlobalSection
EndGlobal
